
Microsoft Visual Studio Solution File, Format Version 12.00
# Visual Studio Version 16
VisualStudioVersion = 16.0.31624.102
MinimumVisualStudioVersion = 10.0.40219.1
Project("{9A19103F-16F7-4668-BE54-9A1E7A4F7556}") = "AmazonSearch", "AmazonSearch.csproj", "{0010FDC6-3058-4C07-B913-7028D7A3B210}"
EndProject
Global
	GlobalSection(SolutionConfigurationPlatforms) = preSolution
		Debug|Any CPU = Debug|Any CPU
		Release|Any CPU = Release|Any CPU
	EndGlobalSection
	GlobalSection(ProjectConfigurationPlatforms) = postSolution
		{0010FDC6-3058-4C07-B913-7028D7A3B210}.Debug|Any CPU.ActiveCfg = Debug|Any CPU
		{0010FDC6-3058-4C07-B913-7028D7A3B210}.Debug|Any CPU.Build.0 = Debug|Any CPU
		{0010FDC6-3058-4C07-B913-7028D7A3B210}.Release|Any CPU.ActiveCfg = Release|Any CPU
		{0010FDC6-3058-4C07-B913-7028D7A3B210}.Release|Any CPU.Build.0 = Release|Any CPU
	EndGlobalSection
	GlobalSection(SolutionProperties) = preSolution
		HideSolutionNode = FALSE
	EndGlobalSection
	GlobalSection(ExtensibilityGlobals) = postSolution
		SolutionGuid = {4DB3327B-6C4C-457A-B669-886118D8851A}
	EndGlobalSection
EndGlobal
